# THIS IS AN AUTOGENERATED FILE. DO NOT EDIT THIS FILE DIRECTLY.
# yarn lockfile v1


"@electron/remote@1.2.0":
  version "1.2.0"
  resolved "https://registry.yarnpkg.com/@electron/remote/-/remote-1.2.0.tgz#772eb4c3ac17aaba5a9cf05a09092f6277f5671f"
  integrity sha512-C774t2DFVJsa+dxU9Gc2nYzylRZoJ79I0Sxrh8T9cN69fBkntfGbyBEQiD9UfZopqL0CYLzk1anY2Ywhql6h1w==
